Microsoft Visual Studio Solution File, Format Version 12.00
# Visual Studio Version 17
VisualStudioVersion = 17.5.2.0
MinimumVisualStudioVersion = 10.0.40219.1
Project("{FAE04EC0-301F-11D3-BF4B-00C04F79EFBC}") = "ExampleClassManageStudent", "ExampleClassManageStudent.csproj", "{6A96B9DA-ED1C-5CAF-FBB9-99A3D1F753A7}"
EndProject
Global
	GlobalSection(SolutionConfigurationPlatforms) = preSolution
		Debug|Any CPU = Debug|Any CPU
		Release|Any CPU = Release|Any CPU
	EndGlobalSection
	GlobalSection(ProjectConfigurationPlatforms) = postSolution
		{6A96B9DA-ED1C-5CAF-FBB9-99A3D1F753A7}.Debug|Any CPU.ActiveCfg = Debug|Any CPU
		{6A96B9DA-ED1C-5CAF-FBB9-99A3D1F753A7}.Debug|Any CPU.Build.0 = Debug|Any CPU
		{6A96B9DA-ED1C-5CAF-FBB9-99A3D1F753A7}.Release|Any CPU.ActiveCfg = Release|Any CPU
		{6A96B9DA-ED1C-5CAF-FBB9-99A3D1F753A7}.Release|Any CPU.Build.0 = Release|Any CPU
	EndGlobalSection
	GlobalSection(SolutionProperties) = preSolution
		HideSolutionNode = FALSE
	EndGlobalSection
	GlobalSection(ExtensibilityGlobals) = postSolution
		SolutionGuid = {839C2519-81AC-4DA5-9F3F-CACE965EA369}
	EndGlobalSection
EndGlobal
