Microsoft Visual Studio Solution File, Format Version 12.00
# Visual Studio Version 17
VisualStudioVersion = 17.5.2.0
MinimumVisualStudioVersion = 10.0.40219.1
Project("{FAE04EC0-301F-11D3-BF4B-00C04F79EFBC}") = "Conditional", "Conditional.csproj", "{1E7B904F-CF9C-1C07-B381-720AC0C9C27B}"
EndProject
Global
	GlobalSection(SolutionConfigurationPlatforms) = preSolution
		Debug|Any CPU = Debug|Any CPU
		Release|Any CPU = Release|Any CPU
	EndGlobalSection
	GlobalSection(ProjectConfigurationPlatforms) = postSolution
		{1E7B904F-CF9C-1C07-B381-720AC0C9C27B}.Debug|Any CPU.ActiveCfg = Debug|Any CPU
		{1E7B904F-CF9C-1C07-B381-720AC0C9C27B}.Debug|Any CPU.Build.0 = Debug|Any CPU
		{1E7B904F-CF9C-1C07-B381-720AC0C9C27B}.Release|Any CPU.ActiveCfg = Release|Any CPU
		{1E7B904F-CF9C-1C07-B381-720AC0C9C27B}.Release|Any CPU.Build.0 = Release|Any CPU
	EndGlobalSection
	GlobalSection(SolutionProperties) = preSolution
		HideSolutionNode = FALSE
	EndGlobalSection
	GlobalSection(ExtensibilityGlobals) = postSolution
		SolutionGuid = {F95526B8-39B0-41D5-A9D8-B066F9FFD440}
	EndGlobalSection
EndGlobal
