Microsoft Visual Studio Solution File, Format Version 12.00
# Visual Studio Version 17
VisualStudioVersion = 17.5.2.0
MinimumVisualStudioVersion = 10.0.40219.1
Project("{FAE04EC0-301F-11D3-BF4B-00C04F79EFBC}") = "ExamplePrimeCountRange", "ExamplePrimeCountRange.csproj", "{BAE00E77-7179-2375-F2FC-3CD002486355}"
EndProject
Global
	GlobalSection(SolutionConfigurationPlatforms) = preSolution
		Debug|Any CPU = Debug|Any CPU
		Release|Any CPU = Release|Any CPU
	EndGlobalSection
	GlobalSection(ProjectConfigurationPlatforms) = postSolution
		{BAE00E77-7179-2375-F2FC-3CD002486355}.Debug|Any CPU.ActiveCfg = Debug|Any CPU
		{BAE00E77-7179-2375-F2FC-3CD002486355}.Debug|Any CPU.Build.0 = Debug|Any CPU
		{BAE00E77-7179-2375-F2FC-3CD002486355}.Release|Any CPU.ActiveCfg = Release|Any CPU
		{BAE00E77-7179-2375-F2FC-3CD002486355}.Release|Any CPU.Build.0 = Release|Any CPU
	EndGlobalSection
	GlobalSection(SolutionProperties) = preSolution
		HideSolutionNode = FALSE
	EndGlobalSection
	GlobalSection(ExtensibilityGlobals) = postSolution
		SolutionGuid = {390F5970-00AD-48BE-9B19-7029FB4E651C}
	EndGlobalSection
EndGlobal
