Microsoft Visual Studio Solution File, Format Version 12.00
# Visual Studio Version 17
VisualStudioVersion = 17.5.2.0
MinimumVisualStudioVersion = 10.0.40219.1
Project("{FAE04EC0-301F-11D3-BF4B-00C04F79EFBC}") = "ExampleClassStopWatch", "ExampleClassStopWatch.csproj", "{8AD865B0-E18F-BC4D-FF6C-226137AD0230}"
EndProject
Global
	GlobalSection(SolutionConfigurationPlatforms) = preSolution
		Debug|Any CPU = Debug|Any CPU
		Release|Any CPU = Release|Any CPU
	EndGlobalSection
	GlobalSection(ProjectConfigurationPlatforms) = postSolution
		{8AD865B0-E18F-BC4D-FF6C-226137AD0230}.Debug|Any CPU.ActiveCfg = Debug|Any CPU
		{8AD865B0-E18F-BC4D-FF6C-226137AD0230}.Debug|Any CPU.Build.0 = Debug|Any CPU
		{8AD865B0-E18F-BC4D-FF6C-226137AD0230}.Release|Any CPU.ActiveCfg = Release|Any CPU
		{8AD865B0-E18F-BC4D-FF6C-226137AD0230}.Release|Any CPU.Build.0 = Release|Any CPU
	EndGlobalSection
	GlobalSection(SolutionProperties) = preSolution
		HideSolutionNode = FALSE
	EndGlobalSection
	GlobalSection(ExtensibilityGlobals) = postSolution
		SolutionGuid = {87346362-DBEC-4358-9F0F-A7DB9CB4F57A}
	EndGlobalSection
EndGlobal
