Microsoft Visual Studio Solution File, Format Version 12.00
# Visual Studio Version 17
VisualStudioVersion = 17.5.2.0
MinimumVisualStudioVersion = 10.0.40219.1
Project("{FAE04EC0-301F-11D3-BF4B-00C04F79EFBC}") = "ExampleClassRectangle", "ExampleClassRectangle.csproj", "{3107D2AC-5922-6A96-B1E5-8678153EF207}"
EndProject
Global
	GlobalSection(SolutionConfigurationPlatforms) = preSolution
		Debug|Any CPU = Debug|Any CPU
		Release|Any CPU = Release|Any CPU
	EndGlobalSection
	GlobalSection(ProjectConfigurationPlatforms) = postSolution
		{3107D2AC-5922-6A96-B1E5-8678153EF207}.Debug|Any CPU.ActiveCfg = Debug|Any CPU
		{3107D2AC-5922-6A96-B1E5-8678153EF207}.Debug|Any CPU.Build.0 = Debug|Any CPU
		{3107D2AC-5922-6A96-B1E5-8678153EF207}.Release|Any CPU.ActiveCfg = Release|Any CPU
		{3107D2AC-5922-6A96-B1E5-8678153EF207}.Release|Any CPU.Build.0 = Release|Any CPU
	EndGlobalSection
	GlobalSection(SolutionProperties) = preSolution
		HideSolutionNode = FALSE
	EndGlobalSection
	GlobalSection(ExtensibilityGlobals) = postSolution
		SolutionGuid = {6CCE3A54-A2DE-4641-96B1-9FDC6FF2E7FD}
	EndGlobalSection
EndGlobal
