Microsoft Visual Studio Solution File, Format Version 12.00
# Visual Studio Version 17
VisualStudioVersion = 17.5.2.0
MinimumVisualStudioVersion = 10.0.40219.1
Project("{FAE04EC0-301F-11D3-BF4B-00C04F79EFBC}") = "ExamplePrimeCount", "ExamplePrimeCount.csproj", "{247DCDAD-B0C5-3D8A-9D13-A86BD4A31BD7}"
EndProject
Global
	GlobalSection(SolutionConfigurationPlatforms) = preSolution
		Debug|Any CPU = Debug|Any CPU
		Release|Any CPU = Release|Any CPU
	EndGlobalSection
	GlobalSection(ProjectConfigurationPlatforms) = postSolution
		{247DCDAD-B0C5-3D8A-9D13-A86BD4A31BD7}.Debug|Any CPU.ActiveCfg = Debug|Any CPU
		{247DCDAD-B0C5-3D8A-9D13-A86BD4A31BD7}.Debug|Any CPU.Build.0 = Debug|Any CPU
		{247DCDAD-B0C5-3D8A-9D13-A86BD4A31BD7}.Release|Any CPU.ActiveCfg = Release|Any CPU
		{247DCDAD-B0C5-3D8A-9D13-A86BD4A31BD7}.Release|Any CPU.Build.0 = Release|Any CPU
	EndGlobalSection
	GlobalSection(SolutionProperties) = preSolution
		HideSolutionNode = FALSE
	EndGlobalSection
	GlobalSection(ExtensibilityGlobals) = postSolution
		SolutionGuid = {6722C46A-6A48-444C-B46D-FE8BA1F5C6F6}
	EndGlobalSection
EndGlobal
