Microsoft Visual Studio Solution File, Format Version 12.00
# Visual Studio Version 17
VisualStudioVersion = 17.5.2.0
MinimumVisualStudioVersion = 10.0.40219.1
Project("{FAE04EC0-301F-11D3-BF4B-00C04F79EFBC}") = "ExamplePTBH", "ExamplePTBH.csproj", "{756818EC-B39C-0FAB-38D3-861C152E83A6}"
EndProject
Global
	GlobalSection(SolutionConfigurationPlatforms) = preSolution
		Debug|Any CPU = Debug|Any CPU
		Release|Any CPU = Release|Any CPU
	EndGlobalSection
	GlobalSection(ProjectConfigurationPlatforms) = postSolution
		{756818EC-B39C-0FAB-38D3-861C152E83A6}.Debug|Any CPU.ActiveCfg = Debug|Any CPU
		{756818EC-B39C-0FAB-38D3-861C152E83A6}.Debug|Any CPU.Build.0 = Debug|Any CPU
		{756818EC-B39C-0FAB-38D3-861C152E83A6}.Release|Any CPU.ActiveCfg = Release|Any CPU
		{756818EC-B39C-0FAB-38D3-861C152E83A6}.Release|Any CPU.Build.0 = Release|Any CPU
	EndGlobalSection
	GlobalSection(SolutionProperties) = preSolution
		HideSolutionNode = FALSE
	EndGlobalSection
	GlobalSection(ExtensibilityGlobals) = postSolution
		SolutionGuid = {C2A34198-7505-4B92-B59E-98654D44CCF1}
	EndGlobalSection
EndGlobal
