Microsoft Visual Studio Solution File, Format Version 12.00
# Visual Studio Version 17
VisualStudioVersion = 17.5.2.0
MinimumVisualStudioVersion = 10.0.40219.1
Project("{FAE04EC0-301F-11D3-BF4B-00C04F79EFBC}") = "ExampleCirclArea", "ExampleCirclArea.csproj", "{AB59F406-F152-8147-4487-CCE3C4CF84BE}"
EndProject
Global
	GlobalSection(SolutionConfigurationPlatforms) = preSolution
		Debug|Any CPU = Debug|Any CPU
		Release|Any CPU = Release|Any CPU
	EndGlobalSection
	GlobalSection(ProjectConfigurationPlatforms) = postSolution
		{AB59F406-F152-8147-4487-CCE3C4CF84BE}.Debug|Any CPU.ActiveCfg = Debug|Any CPU
		{AB59F406-F152-8147-4487-CCE3C4CF84BE}.Debug|Any CPU.Build.0 = Debug|Any CPU
		{AB59F406-F152-8147-4487-CCE3C4CF84BE}.Release|Any CPU.ActiveCfg = Release|Any CPU
		{AB59F406-F152-8147-4487-CCE3C4CF84BE}.Release|Any CPU.Build.0 = Release|Any CPU
	EndGlobalSection
	GlobalSection(SolutionProperties) = preSolution
		HideSolutionNode = FALSE
	EndGlobalSection
	GlobalSection(ExtensibilityGlobals) = postSolution
		SolutionGuid = {B39F5D2C-7AE8-4355-95BA-4212C21F42E6}
	EndGlobalSection
EndGlobal
