Microsoft Visual Studio Solution File, Format Version 12.00
# Visual Studio Version 17
VisualStudioVersion = 17.5.2.0
MinimumVisualStudioVersion = 10.0.40219.1
Project("{FAE04EC0-301F-11D3-BF4B-00C04F79EFBC}") = "ExampleMoney", "ExampleMoney.csproj", "{300711EA-4314-F23E-758F-8C756ADCDBBB}"
EndProject
Global
	GlobalSection(SolutionConfigurationPlatforms) = preSolution
		Debug|Any CPU = Debug|Any CPU
		Release|Any CPU = Release|Any CPU
	EndGlobalSection
	GlobalSection(ProjectConfigurationPlatforms) = postSolution
		{300711EA-4314-F23E-758F-8C756ADCDBBB}.Debug|Any CPU.ActiveCfg = Debug|Any CPU
		{300711EA-4314-F23E-758F-8C756ADCDBBB}.Debug|Any CPU.Build.0 = Debug|Any CPU
		{300711EA-4314-F23E-758F-8C756ADCDBBB}.Release|Any CPU.ActiveCfg = Release|Any CPU
		{300711EA-4314-F23E-758F-8C756ADCDBBB}.Release|Any CPU.Build.0 = Release|Any CPU
	EndGlobalSection
	GlobalSection(SolutionProperties) = preSolution
		HideSolutionNode = FALSE
	EndGlobalSection
	GlobalSection(ExtensibilityGlobals) = postSolution
		SolutionGuid = {C5D5A79D-2260-4BF6-B301-2A46F99286CC}
	EndGlobalSection
EndGlobal
