Microsoft Visual Studio Solution File, Format Version 12.00
# Visual Studio Version 17
VisualStudioVersion = 17.5.2.0
MinimumVisualStudioVersion = 10.0.40219.1
Project("{FAE04EC0-301F-11D3-BF4B-00C04F79EFBC}") = "ExampleShape", "ExampleShape.csproj", "{8D757D46-90A6-51DF-2FF0-456E1C5695D4}"
EndProject
Global
	GlobalSection(SolutionConfigurationPlatforms) = preSolution
		Debug|Any CPU = Debug|Any CPU
		Release|Any CPU = Release|Any CPU
	EndGlobalSection
	GlobalSection(ProjectConfigurationPlatforms) = postSolution
		{8D757D46-90A6-51DF-2FF0-456E1C5695D4}.Debug|Any CPU.ActiveCfg = Debug|Any CPU
		{8D757D46-90A6-51DF-2FF0-456E1C5695D4}.Debug|Any CPU.Build.0 = Debug|Any CPU
		{8D757D46-90A6-51DF-2FF0-456E1C5695D4}.Release|Any CPU.ActiveCfg = Release|Any CPU
		{8D757D46-90A6-51DF-2FF0-456E1C5695D4}.Release|Any CPU.Build.0 = Release|Any CPU
	EndGlobalSection
	GlobalSection(SolutionProperties) = preSolution
		HideSolutionNode = FALSE
	EndGlobalSection
	GlobalSection(ExtensibilityGlobals) = postSolution
		SolutionGuid = {169BD38B-3931-42B8-A68B-BDE9D0F22307}
	EndGlobalSection
EndGlobal
