Microsoft Visual Studio Solution File, Format Version 12.00
# Visual Studio Version 17
VisualStudioVersion = 17.5.2.0
MinimumVisualStudioVersion = 10.0.40219.1
Project("{FAE04EC0-301F-11D3-BF4B-00C04F79EFBC}") = "ExampleClassInterritanceGeometryObject", "ExampleClassInterritanceGeometryObject.csproj", "{750DBF4C-4457-5B1B-0D9B-19F3B9171477}"
EndProject
Global
	GlobalSection(SolutionConfigurationPlatforms) = preSolution
		Debug|Any CPU = Debug|Any CPU
		Release|Any CPU = Release|Any CPU
	EndGlobalSection
	GlobalSection(ProjectConfigurationPlatforms) = postSolution
		{750DBF4C-4457-5B1B-0D9B-19F3B9171477}.Debug|Any CPU.ActiveCfg = Debug|Any CPU
		{750DBF4C-4457-5B1B-0D9B-19F3B9171477}.Debug|Any CPU.Build.0 = Debug|Any CPU
		{750DBF4C-4457-5B1B-0D9B-19F3B9171477}.Release|Any CPU.ActiveCfg = Release|Any CPU
		{750DBF4C-4457-5B1B-0D9B-19F3B9171477}.Release|Any CPU.Build.0 = Release|Any CPU
	EndGlobalSection
	GlobalSection(SolutionProperties) = preSolution
		HideSolutionNode = FALSE
	EndGlobalSection
	GlobalSection(ExtensibilityGlobals) = postSolution
		SolutionGuid = {D31CA706-BB3A-4C13-A8EF-C2AF9D5BBDEE}
	EndGlobalSection
EndGlobal
