Microsoft Visual Studio Solution File, Format Version 12.00
# Visual Studio Version 17
VisualStudioVersion = 17.5.2.0
MinimumVisualStudioVersion = 10.0.40219.1
Project("{FAE04EC0-301F-11D3-BF4B-00C04F79EFBC}") = "ExampleInsertArray", "ExampleInsertArray.csproj", "{691868DF-4210-FCE7-E134-63AD02114FAF}"
EndProject
Global
	GlobalSection(SolutionConfigurationPlatforms) = preSolution
		Debug|Any CPU = Debug|Any CPU
		Release|Any CPU = Release|Any CPU
	EndGlobalSection
	GlobalSection(ProjectConfigurationPlatforms) = postSolution
		{691868DF-4210-FCE7-E134-63AD02114FAF}.Debug|Any CPU.ActiveCfg = Debug|Any CPU
		{691868DF-4210-FCE7-E134-63AD02114FAF}.Debug|Any CPU.Build.0 = Debug|Any CPU
		{691868DF-4210-FCE7-E134-63AD02114FAF}.Release|Any CPU.ActiveCfg = Release|Any CPU
		{691868DF-4210-FCE7-E134-63AD02114FAF}.Release|Any CPU.Build.0 = Release|Any CPU
	EndGlobalSection
	GlobalSection(SolutionProperties) = preSolution
		HideSolutionNode = FALSE
	EndGlobalSection
	GlobalSection(ExtensibilityGlobals) = postSolution
		SolutionGuid = {5F882FB6-ACFD-4987-A64E-1EB02BDA24F1}
	EndGlobalSection
EndGlobal
